
Microsoft Visual Studio Solution File, Format Version 12.00
# Visual Studio Version 16
VisualStudioVersion = 16.0.31613.86
MinimumVisualStudioVersion = 10.0.40219.1
Project("{9A19103F-16F7-4668-BE54-9A1E7A4F7556}") = "graphAPI", "graphAPI.csproj", "{48B4EE85-655B-45BA-B32C-6A4716DC57D7}"
EndProject
Project("{E53339B2-1760-4266-BCC7-CA923CBCF16C}") = "docker-compose", "docker-compose.dcproj", "{2AD64DDF-CF7C-4AFA-936C-842A770D7E3F}"
EndProject
Global
	GlobalSection(SolutionConfigurationPlatforms) = preSolution
		Debug|Any CPU = Debug|Any CPU
		Release|Any CPU = Release|Any CPU
	EndGlobalSection
	GlobalSection(ProjectConfigurationPlatforms) = postSolution
		{48B4EE85-655B-45BA-B32C-6A4716DC57D7}.Debug|Any CPU.ActiveCfg = Debug|Any CPU
		{48B4EE85-655B-45BA-B32C-6A4716DC57D7}.Debug|Any CPU.Build.0 = Debug|Any CPU
		{48B4EE85-655B-45BA-B32C-6A4716DC57D7}.Release|Any CPU.ActiveCfg = Release|Any CPU
		{48B4EE85-655B-45BA-B32C-6A4716DC57D7}.Release|Any CPU.Build.0 = Release|Any CPU
		{2AD64DDF-CF7C-4AFA-936C-842A770D7E3F}.Debug|Any CPU.ActiveCfg = Debug|Any CPU
		{2AD64DDF-CF7C-4AFA-936C-842A770D7E3F}.Debug|Any CPU.Build.0 = Debug|Any CPU
		{2AD64DDF-CF7C-4AFA-936C-842A770D7E3F}.Release|Any CPU.ActiveCfg = Release|Any CPU
		{2AD64DDF-CF7C-4AFA-936C-842A770D7E3F}.Release|Any CPU.Build.0 = Release|Any CPU
	EndGlobalSection
	GlobalSection(SolutionProperties) = preSolution
		HideSolutionNode = FALSE
	EndGlobalSection
	GlobalSection(ExtensibilityGlobals) = postSolution
		SolutionGuid = {5D969C6A-5B73-4881-920D-471087B01555}
	EndGlobalSection
EndGlobal
